
Microsoft Visual Studio Solution File, Format Version 12.00
# Visual Studio 15
VisualStudioVersion = 15.0.26124.0
MinimumVisualStudioVersion = 15.0.26124.0
Project("{2150E333-8FDC-42A3-9474-1A3956D46DE8}") = "Source", "Source", "{EDCE5D97-5323-4629-8066-68C787C4BF79}"
EndProject
Project("{FAE04EC0-301F-11D3-BF4B-00C04F79EFBC}") = "BuckeyeStore.Core", "Source\BuckeyeStore.Core\BuckeyeStore.Core.csproj", "{A0244F26-9020-454B-BACE-F1FEEAF28AEB}"
EndProject
Project("{2150E333-8FDC-42A3-9474-1A3956D46DE8}") = "Tests", "Tests", "{6C5D8BEA-CF69-49F0-98C3-FF49ED2F1B25}"
EndProject
Project("{FAE04EC0-301F-11D3-BF4B-00C04F79EFBC}") = "BuckeyeStore.Core.Tests", "Tests\BuckeyeStore.Core.Tests\BuckeyeStore.Core.Tests.csproj", "{729825C3-6C26-4A1C-A92C-F091BF1463B5}"
EndProject
Project("{FAE04EC0-301F-11D3-BF4B-00C04F79EFBC}") = "buckeyestore.api.tests", "tests\buckeyestore.api.tests\buckeyestore.api.tests.csproj", "{FCE0801A-DE6F-4323-8B01-209A1AEC3860}"
EndProject
Project("{FAE04EC0-301F-11D3-BF4B-00C04F79EFBC}") = "buckeyestore.api", "source\buckeyestore.api\buckeyestore.api.csproj", "{E96CB3D2-174C-46DB-862A-D6976EC333C6}"
EndProject
Global
	GlobalSection(SolutionConfigurationPlatforms) = preSolution
		Debug|Any CPU = Debug|Any CPU
		Debug|x64 = Debug|x64
		Debug|x86 = Debug|x86
		Release|Any CPU = Release|Any CPU
		Release|x64 = Release|x64
		Release|x86 = Release|x86
	EndGlobalSection
	GlobalSection(SolutionProperties) = preSolution
		HideSolutionNode = FALSE
	EndGlobalSection
	GlobalSection(ProjectConfigurationPlatforms) = postSolution
		{A0244F26-9020-454B-BACE-F1FEEAF28AEB}.Debug|Any CPU.ActiveCfg = Debug|Any CPU
		{A0244F26-9020-454B-BACE-F1FEEAF28AEB}.Debug|Any CPU.Build.0 = Debug|Any CPU
		{A0244F26-9020-454B-BACE-F1FEEAF28AEB}.Debug|x64.ActiveCfg = Debug|x64
		{A0244F26-9020-454B-BACE-F1FEEAF28AEB}.Debug|x64.Build.0 = Debug|x64
		{A0244F26-9020-454B-BACE-F1FEEAF28AEB}.Debug|x86.ActiveCfg = Debug|x86
		{A0244F26-9020-454B-BACE-F1FEEAF28AEB}.Debug|x86.Build.0 = Debug|x86
		{A0244F26-9020-454B-BACE-F1FEEAF28AEB}.Release|Any CPU.ActiveCfg = Release|Any CPU
		{A0244F26-9020-454B-BACE-F1FEEAF28AEB}.Release|Any CPU.Build.0 = Release|Any CPU
		{A0244F26-9020-454B-BACE-F1FEEAF28AEB}.Release|x64.ActiveCfg = Release|x64
		{A0244F26-9020-454B-BACE-F1FEEAF28AEB}.Release|x64.Build.0 = Release|x64
		{A0244F26-9020-454B-BACE-F1FEEAF28AEB}.Release|x86.ActiveCfg = Release|x86
		{A0244F26-9020-454B-BACE-F1FEEAF28AEB}.Release|x86.Build.0 = Release|x86
		{729825C3-6C26-4A1C-A92C-F091BF1463B5}.Debug|Any CPU.ActiveCfg = Debug|Any CPU
		{729825C3-6C26-4A1C-A92C-F091BF1463B5}.Debug|Any CPU.Build.0 = Debug|Any CPU
		{729825C3-6C26-4A1C-A92C-F091BF1463B5}.Debug|x64.ActiveCfg = Debug|x64
		{729825C3-6C26-4A1C-A92C-F091BF1463B5}.Debug|x64.Build.0 = Debug|x64
		{729825C3-6C26-4A1C-A92C-F091BF1463B5}.Debug|x86.ActiveCfg = Debug|x86
		{729825C3-6C26-4A1C-A92C-F091BF1463B5}.Debug|x86.Build.0 = Debug|x86
		{729825C3-6C26-4A1C-A92C-F091BF1463B5}.Release|Any CPU.ActiveCfg = Release|Any CPU
		{729825C3-6C26-4A1C-A92C-F091BF1463B5}.Release|Any CPU.Build.0 = Release|Any CPU
		{729825C3-6C26-4A1C-A92C-F091BF1463B5}.Release|x64.ActiveCfg = Release|x64
		{729825C3-6C26-4A1C-A92C-F091BF1463B5}.Release|x64.Build.0 = Release|x64
		{729825C3-6C26-4A1C-A92C-F091BF1463B5}.Release|x86.ActiveCfg = Release|x86
		{729825C3-6C26-4A1C-A92C-F091BF1463B5}.Release|x86.Build.0 = Release|x86
		{FCE0801A-DE6F-4323-8B01-209A1AEC3860}.Debug|Any CPU.ActiveCfg = Debug|Any CPU
		{FCE0801A-DE6F-4323-8B01-209A1AEC3860}.Debug|Any CPU.Build.0 = Debug|Any CPU
		{FCE0801A-DE6F-4323-8B01-209A1AEC3860}.Debug|x64.ActiveCfg = Debug|x64
		{FCE0801A-DE6F-4323-8B01-209A1AEC3860}.Debug|x64.Build.0 = Debug|x64
		{FCE0801A-DE6F-4323-8B01-209A1AEC3860}.Debug|x86.ActiveCfg = Debug|x86
		{FCE0801A-DE6F-4323-8B01-209A1AEC3860}.Debug|x86.Build.0 = Debug|x86
		{FCE0801A-DE6F-4323-8B01-209A1AEC3860}.Release|Any CPU.ActiveCfg = Release|Any CPU
		{FCE0801A-DE6F-4323-8B01-209A1AEC3860}.Release|Any CPU.Build.0 = Release|Any CPU
		{FCE0801A-DE6F-4323-8B01-209A1AEC3860}.Release|x64.ActiveCfg = Release|x64
		{FCE0801A-DE6F-4323-8B01-209A1AEC3860}.Release|x64.Build.0 = Release|x64
		{FCE0801A-DE6F-4323-8B01-209A1AEC3860}.Release|x86.ActiveCfg = Release|x86
		{FCE0801A-DE6F-4323-8B01-209A1AEC3860}.Release|x86.Build.0 = Release|x86
		{E96CB3D2-174C-46DB-862A-D6976EC333C6}.Debug|Any CPU.ActiveCfg = Debug|Any CPU
		{E96CB3D2-174C-46DB-862A-D6976EC333C6}.Debug|Any CPU.Build.0 = Debug|Any CPU
		{E96CB3D2-174C-46DB-862A-D6976EC333C6}.Debug|x64.ActiveCfg = Debug|x64
		{E96CB3D2-174C-46DB-862A-D6976EC333C6}.Debug|x64.Build.0 = Debug|x64
		{E96CB3D2-174C-46DB-862A-D6976EC333C6}.Debug|x86.ActiveCfg = Debug|x86
		{E96CB3D2-174C-46DB-862A-D6976EC333C6}.Debug|x86.Build.0 = Debug|x86
		{E96CB3D2-174C-46DB-862A-D6976EC333C6}.Release|Any CPU.ActiveCfg = Release|Any CPU
		{E96CB3D2-174C-46DB-862A-D6976EC333C6}.Release|Any CPU.Build.0 = Release|Any CPU
		{E96CB3D2-174C-46DB-862A-D6976EC333C6}.Release|x64.ActiveCfg = Release|x64
		{E96CB3D2-174C-46DB-862A-D6976EC333C6}.Release|x64.Build.0 = Release|x64
		{E96CB3D2-174C-46DB-862A-D6976EC333C6}.Release|x86.ActiveCfg = Release|x86
		{E96CB3D2-174C-46DB-862A-D6976EC333C6}.Release|x86.Build.0 = Release|x86
	EndGlobalSection
	GlobalSection(NestedProjects) = preSolution
		{A0244F26-9020-454B-BACE-F1FEEAF28AEB} = {EDCE5D97-5323-4629-8066-68C787C4BF79}
		{729825C3-6C26-4A1C-A92C-F091BF1463B5} = {6C5D8BEA-CF69-49F0-98C3-FF49ED2F1B25}
		{FCE0801A-DE6F-4323-8B01-209A1AEC3860} = {6C5D8BEA-CF69-49F0-98C3-FF49ED2F1B25}
		{E96CB3D2-174C-46DB-862A-D6976EC333C6} = {EDCE5D97-5323-4629-8066-68C787C4BF79}
	EndGlobalSection
EndGlobal
